
Microsoft Visual Studio Solution File, Format Version 12.00
# Visual Studio Version 17
VisualStudioVersion = 17.7.34031.279
MinimumVisualStudioVersion = 10.0.40219.1
Project("{FAE04EC0-301F-11D3-BF4B-00C04F79EFBC}") = "job aplication task", "WebApplication8\job aplication task.csproj", "{F5675FCF-7AFA-4345-AFC2-5792AB8E8561}"
EndProject
Global
	GlobalSection(SolutionConfigurationPlatforms) = preSolution
		Debug|Any CPU = Debug|Any CPU
		Release|Any CPU = Release|Any CPU
	EndGlobalSection
	GlobalSection(ProjectConfigurationPlatforms) = postSolution
		{F5675FCF-7AFA-4345-AFC2-5792AB8E8561}.Debug|Any CPU.ActiveCfg = Debug|Any CPU
		{F5675FCF-7AFA-4345-AFC2-5792AB8E8561}.Debug|Any CPU.Build.0 = Debug|Any CPU
		{F5675FCF-7AFA-4345-AFC2-5792AB8E8561}.Release|Any CPU.ActiveCfg = Release|Any CPU
		{F5675FCF-7AFA-4345-AFC2-5792AB8E8561}.Release|Any CPU.Build.0 = Release|Any CPU
	EndGlobalSection
	GlobalSection(SolutionProperties) = preSolution
		HideSolutionNode = FALSE
	EndGlobalSection
	GlobalSection(ExtensibilityGlobals) = postSolution
		SolutionGuid = {9A507362-B5AD-416D-9DE9-F1E3719067E7}
	EndGlobalSection
EndGlobal
